
Microsoft Visual Studio Solution File, Format Version 12.00
# Visual Studio Version 17
VisualStudioVersion = 17.10.35027.167
MinimumVisualStudioVersion = 10.0.40219.1
Project("{FAE04EC0-301F-11D3-BF4B-00C04F79EFBC}") = "WhyMe", "whyme\WhyMe.csproj", "{88C6BA53-7887-4569-8784-418868683D1B}"
EndProject
Global
	GlobalSection(SolutionConfigurationPlatforms) = preSolution
		Debug|Any CPU = Debug|Any CPU
		Release|Any CPU = Release|Any CPU
	EndGlobalSection
	GlobalSection(ProjectConfigurationPlatforms) = postSolution
		{88C6BA53-7887-4569-8784-418868683D1B}.Debug|Any CPU.ActiveCfg = Debug|Any CPU
		{88C6BA53-7887-4569-8784-418868683D1B}.Debug|Any CPU.Build.0 = Debug|Any CPU
		{88C6BA53-7887-4569-8784-418868683D1B}.Release|Any CPU.ActiveCfg = Release|Any CPU
		{88C6BA53-7887-4569-8784-418868683D1B}.Release|Any CPU.Build.0 = Release|Any CPU
	EndGlobalSection
	GlobalSection(SolutionProperties) = preSolution
		HideSolutionNode = FALSE
	EndGlobalSection
	GlobalSection(ExtensibilityGlobals) = postSolution
		SolutionGuid = {ECBBE0C2-3D5B-4A1E-B856-231F135D7640}
	EndGlobalSection
EndGlobal
